// !$*UTF8*$!
{
	archiveVersion = 1;
	classes = {
	};
	objectVersion = 46;
	objects = {

/* Begin PBXBuildFile section */
		113804241EC30AF300FAFFBC /* MapKit.framework in Frameworks */ = {isa = PBXBuildFile; fileRef = 113804231EC30AF300FAFFBC /* MapKit.framework */; };
		1138042C1EC3152E00FAFFBC /* GutenbergSemTests.swift in Sources */ = {isa = PBXBuildFile; fileRef = 1138042B1EC3152E00FAFFBC /* GutenbergSemTests.swift */; };
		1138043A1EC315BD00FAFFBC /* GutenbergSemUITests.swift in Sources */ = {isa = PBXBuildFile; fileRef = 113804391EC315BD00FAFFBC /* GutenbergSemUITests.swift */; };
		11B8185D1EC30AA700A09F07 /* Pods_GutenbergSem.framework in Frameworks */ = {isa = PBXBuildFile; fileRef = 4D9B6EC22B6CF4738166EF8C /* Pods_GutenbergSem.framework */; };
		11D7E2ED1EC2F6B600121FCF /* AppDelegate.swift in Sources */ = {isa = PBXBuildFile; fileRef = 11D7E2EC1EC2F6B600121FCF /* AppDelegate.swift */; };
		11D7E2EF1EC2F6B600121FCF /* ViewController.swift in Sources */ = {isa = PBXBuildFile; fileRef = 11D7E2EE1EC2F6B600121FCF /* ViewController.swift */; };
		11D7E2F21EC2F6B600121FCF /* Main.storyboard in Resources */ = {isa = PBXBuildFile; fileRef = 11D7E2F01EC2F6B600121FCF /* Main.storyboard */; };
		11D7E2F41EC2F6B600121FCF /* Assets.xcassets in Resources */ = {isa = PBXBuildFile; fileRef = 11D7E2F31EC2F6B600121FCF /* Assets.xcassets */; };
		11D7E2F71EC2F6B600121FCF /* LaunchScreen.storyboard in Resources */ = {isa = PBXBuildFile; fileRef = 11D7E2F51EC2F6B600121FCF /* LaunchScreen.storyboard */; };
/* End PBXBuildFile section */

/* Begin PBXContainerItemProxy section */
		1138042E1EC3152E00FAFFBC /* PBXContainerItemProxy */ = {
			isa = PBXContainerItemProxy;
			containerPortal = 11D7E2E11EC2F6B600121FCF /* Project object */;
			proxyType = 1;
			remoteGlobalIDString = 11D7E2E81EC2F6B600121FCF;
			remoteInfo = GutenbergSem;
		};
		1138043C1EC315BD00FAFFBC /* PBXContainerItemProxy */ = {
			isa = PBXContainerItemProxy;
			containerPortal = 11D7E2E11EC2F6B600121FCF /* Project object */;
			proxyType = 1;
			remoteGlobalIDString = 11D7E2E81EC2F6B600121FCF;
			remoteInfo = GutenbergSem;
		};
/* End PBXContainerItemProxy section */

/* Begin PBXFileReference section */
		113804231EC30AF300FAFFBC /* MapKit.framework */ = {isa = PBXFileReference; lastKnownFileType = wrapper.framework; name = MapKit.framework; path = System/Library/Frameworks/MapKit.framework; sourceTree = SDKROOT; };
		113804291EC3152E00FAFFBC /* GutenbergSemTests.xctest */ = {isa = PBXFileReference; explicitFileType = wrapper.cfbundle; includeInIndex = 0; path = GutenbergSemTests.xctest; sourceTree = BUILT_PRODUCTS_DIR; };
		1138042B1EC3152E00FAFFBC /* GutenbergSemTests.swift */ = {isa = PBXFileReference; lastKnownFileType = sourcecode.swift; path = GutenbergSemTests.swift; sourceTree = "<group>"; };
		1138042D1EC3152E00FAFFBC /* Info.plist */ = {isa = PBXFileReference; lastKnownFileType = text.plist.xml; path = Info.plist; sourceTree = "<group>"; };
		113804371EC315BD00FAFFBC /* GutenbergSemUITests.xctest */ = {isa = PBXFileReference; explicitFileType = wrapper.cfbundle; includeInIndex = 0; path = GutenbergSemUITests.xctest; sourceTree = BUILT_PRODUCTS_DIR; };
		113804391EC315BD00FAFFBC /* GutenbergSemUITests.swift */ = {isa = PBXFileReference; lastKnownFileType = sourcecode.swift; path = GutenbergSemUITests.swift; sourceTree = "<group>"; };
		1138043B1EC315BD00FAFFBC /* Info.plist */ = {isa = PBXFileReference; lastKnownFileType = text.plist.xml; path = Info.plist; sourceTree = "<group>"; };
		11D7E2E91EC2F6B600121FCF /* GutenbergSem.app */ = {isa = PBXFileReference; explicitFileType = wrapper.application; includeInIndex = 0; path = GutenbergSem.app; sourceTree = BUILT_PRODUCTS_DIR; };
		11D7E2EC1EC2F6B600121FCF /* AppDelegate.swift */ = {isa = PBXFileReference; lastKnownFileType = sourcecode.swift; path = AppDelegate.swift; sourceTree = "<group>"; };
		11D7E2EE1EC2F6B600121FCF /* ViewController.swift */ = {isa = PBXFileReference; lastKnownFileType = sourcecode.swift; path = ViewController.swift; sourceTree = "<group>"; };
		11D7E2F11EC2F6B600121FCF /* Base */ = {isa = PBXFileReference; lastKnownFileType = file.storyboard; name = Base; path = Base.lproj/Main.storyboard; sourceTree = "<group>"; };
		11D7E2F31EC2F6B600121FCF /* Assets.xcassets */ = {isa = PBXFileReference; lastKnownFileType = folder.assetcatalog; path = Assets.xcassets; sourceTree = "<group>"; };
		11D7E2F61EC2F6B600121FCF /* Base */ = {isa = PBXFileReference; lastKnownFileType = file.storyboard; name = Base; path = Base.lproj/LaunchScreen.storyboard; sourceTree = "<group>"; };
		11D7E2F81EC2F6B600121FCF /* Info.plist */ = {isa = PBXFileReference; lastKnownFileType = text.plist.xml; path = Info.plist; sourceTree = "<group>"; };
		4D9B6EC22B6CF4738166EF8C /* Pods_GutenbergSem.framework */ = {isa = PBXFileReference; explicitFileType = wrapper.framework; includeInIndex = 0; path = Pods_GutenbergSem.framework; sourceTree = BUILT_PRODUCTS_DIR; };
		7ECE10C8C1122F21F587668B /* Pods-GutenbergSem.debug.xcconfig */ = {isa = PBXFileReference; includeInIndex = 1; lastKnownFileType = text.xcconfig; name = "Pods-GutenbergSem.debug.xcconfig"; path = "Pods/Target Support Files/Pods-GutenbergSem/Pods-GutenbergSem.debug.xcconfig"; sourceTree = "<group>"; };
		D1812046C064BCC91A2BF75D /* Pods-GutenbergSem.release.xcconfig */ = {isa = PBXFileReference; includeInIndex = 1; lastKnownFileType = text.xcconfig; name = "Pods-GutenbergSem.release.xcconfig"; path = "Pods/Target Support Files/Pods-GutenbergSem/Pods-GutenbergSem.release.xcconfig"; sourceTree = "<group>"; };
/* End PBXFileReference section */

/* Begin PBXFrameworksBuildPhase section */
		113804261EC3152E00FAFFBC /* Frameworks */ = {
			isa = PBXFrameworksBuildPhase;
			buildActionMask = 2147483647;
			files = (
			);
			runOnlyForDeploymentPostprocessing = 0;
		};
		113804341EC315BD00FAFFBC /* Frameworks */ = {
			isa = PBXFrameworksBuildPhase;
			buildActionMask = 2147483647;
			files = (
			);
			runOnlyForDeploymentPostprocessing = 0;
		};
		11D7E2E61EC2F6B600121FCF /* Frameworks */ = {
			isa = PBXFrameworksBuildPhase;
			buildActionMask = 2147483647;
			files = (
				113804241EC30AF300FAFFBC /* MapKit.framework in Frameworks */,
				11B8185D1EC30AA700A09F07 /* Pods_GutenbergSem.framework in Frameworks */,
			);
			runOnlyForDeploymentPostprocessing = 0;
		};
/* End PBXFrameworksBuildPhase section */

/* Begin PBXGroup section */
		1138042A1EC3152E00FAFFBC /* GutenbergSemTests */ = {
			isa = PBXGroup;
			children = (
				1138042B1EC3152E00FAFFBC /* GutenbergSemTests.swift */,
				1138042D1EC3152E00FAFFBC /* Info.plist */,
			);
			path = GutenbergSemTests;
			sourceTree = "<group>";
		};
		113804381EC315BD00FAFFBC /* GutenbergSemUITests */ = {
			isa = PBXGroup;
			children = (
				113804391EC315BD00FAFFBC /* GutenbergSemUITests.swift */,
				1138043B1EC315BD00FAFFBC /* Info.plist */,
			);
			path = GutenbergSemUITests;
			sourceTree = "<group>";
		};
		11D7E2E01EC2F6B600121FCF = {
			isa = PBXGroup;
			children = (
				11D7E2EB1EC2F6B600121FCF /* GutenbergSem */,
				1138042A1EC3152E00FAFFBC /* GutenbergSemTests */,
				113804381EC315BD00FAFFBC /* GutenbergSemUITests */,
				11D7E2EA1EC2F6B600121FCF /* Products */,
				D7CC61ABE7AB2891FE9E9F91 /* Pods */,
				A47BF6EF74C979E30882C910 /* Frameworks */,
			);
			sourceTree = "<group>";
		};
		11D7E2EA1EC2F6B600121FCF /* Products */ = {
			isa = PBXGroup;
			children = (
				11D7E2E91EC2F6B600121FCF /* GutenbergSem.app */,
				113804291EC3152E00FAFFBC /* GutenbergSemTests.xctest */,
				113804371EC315BD00FAFFBC /* GutenbergSemUITests.xctest */,
			);
			name = Products;
			sourceTree = "<group>";
		};
		11D7E2EB1EC2F6B600121FCF /* GutenbergSem */ = {
			isa = PBXGroup;
			children = (
				11D7E2EC1EC2F6B600121FCF /* AppDelegate.swift */,
				11D7E2EE1EC2F6B600121FCF /* ViewController.swift */,
				11D7E2F01EC2F6B600121FCF /* Main.storyboard */,
				11D7E2F31EC2F6B600121FCF /* Assets.xcassets */,
				11D7E2F51EC2F6B600121FCF /* LaunchScreen.storyboard */,
				11D7E2F81EC2F6B600121FCF /* Info.plist */,
			);
			path = GutenbergSem;
			sourceTree = "<group>";
		};
		A47BF6EF74C979E30882C910 /* Frameworks */ = {
			isa = PBXGroup;
			children = (
				113804231EC30AF300FAFFBC /* MapKit.framework */,
				4D9B6EC22B6CF4738166EF8C /* Pods_GutenbergSem.framework */,
			);
			name = Frameworks;
			sourceTree = "<group>";
		};
		D7CC61ABE7AB2891FE9E9F91 /* Pods */ = {
			isa = PBXGroup;
			children = (
				7ECE10C8C1122F21F587668B /* Pods-GutenbergSem.debug.xcconfig */,
				D1812046C064BCC91A2BF75D /* Pods-GutenbergSem.release.xcconfig */,
			);
			name = Pods;
			sourceTree = "<group>";
		};
/* End PBXGroup section */

/* Begin PBXNativeTarget section */
		113804281EC3152E00FAFFBC /* GutenbergSemTests */ = {
			isa = PBXNativeTarget;
			buildConfigurationList = 113804301EC3152E00FAFFBC /* Build configuration list for PBXNativeTarget "GutenbergSemTests" */;
			buildPhases = (
				113804251EC3152E00FAFFBC /* Sources */,
				113804261EC3152E00FAFFBC /* Frameworks */,
				113804271EC3152E00FAFFBC /* Resources */,
			);
			buildRules = (
			);
			dependencies = (
				1138042F1EC3152E00FAFFBC /* PBXTargetDependency */,
			);
			name = GutenbergSemTests;
			productName = GutenbergSemTests;
			productReference = 113804291EC3152E00FAFFBC /* GutenbergSemTests.xctest */;
			productType = "com.apple.product-type.bundle.unit-test";
		};
		113804361EC315BD00FAFFBC /* GutenbergSemUITests */ = {
			isa = PBXNativeTarget;
			buildConfigurationList = 1138043E1EC315BD00FAFFBC /* Build configuration list for PBXNativeTarget "GutenbergSemUITests" */;
			buildPhases = (
				113804331EC315BD00FAFFBC /* Sources */,
				113804341EC315BD00FAFFBC /* Frameworks */,
				113804351EC315BD00FAFFBC /* Resources */,
			);
			buildRules = (
			);
			dependencies = (
				1138043D1EC315BD00FAFFBC /* PBXTargetDependency */,
			);
			name = GutenbergSemUITests;
			productName = GutenbergSemUITests;
			productReference = 113804371EC315BD00FAFFBC /* GutenbergSemUITests.xctest */;
			productType = "com.apple.product-type.bundle.ui-testing";
		};
		11D7E2E81EC2F6B600121FCF /* GutenbergSem */ = {
			isa = PBXNativeTarget;
			buildConfigurationList = 11D7E2FB1EC2F6B600121FCF /* Build configuration list for PBXNativeTarget "GutenbergSem" */;
			buildPhases = (
				C2EC5607876B2D9EF6293998 /* [CP] Check Pods Manifest.lock */,
				11D7E2E51EC2F6B600121FCF /* Sources */,
				11D7E2E61EC2F6B600121FCF /* Frameworks */,
				11D7E2E71EC2F6B600121FCF /* Resources */,
				055A4A8D810C0F1BDD2AD614 /* [CP] Embed Pods Frameworks */,
				477BB71678FFB9526D876CA9 /* [CP] Copy Pods Resources */,
			);
			buildRules = (
			);
			dependencies = (
			);
			name = GutenbergSem;
			productName = GutenbergSem;
			productReference = 11D7E2E91EC2F6B600121FCF /* GutenbergSem.app */;
			productType = "com.apple.product-type.application";
		};
/* End PBXNativeTarget section */

/* Begin PBXProject section */
		11D7E2E11EC2F6B600121FCF /* Project object */ = {
			isa = PBXProject;
			attributes = {
				LastSwiftUpdateCheck = 0830;
				LastUpgradeCheck = 0830;
				ORGANIZATIONNAME = Databasserne;
				TargetAttributes = {
					113804281EC3152E00FAFFBC = {
						CreatedOnToolsVersion = 8.3.2;
						ProvisioningStyle = Automatic;
						TestTargetID = 11D7E2E81EC2F6B600121FCF;
					};
					113804361EC315BD00FAFFBC = {
						CreatedOnToolsVersion = 8.3.2;
						ProvisioningStyle = Automatic;
						TestTargetID = 11D7E2E81EC2F6B600121FCF;
					};
					11D7E2E81EC2F6B600121FCF = {
						CreatedOnToolsVersion = 8.3.2;
						DevelopmentTeam = W38H733M9Q;
						ProvisioningStyle = Automatic;
						SystemCapabilities = {
							com.apple.Maps.iOS = {
								enabled = 1;
							};
						};
					};
				};
			};
			buildConfigurationList = 11D7E2E41EC2F6B600121FCF /* Build configuration list for PBXProject "GutenbergSem" */;
			compatibilityVersion = "Xcode 3.2";
			developmentRegion = English;
			hasScannedForEncodings = 0;
			knownRegions = (
				en,
				Base,
			);
			mainGroup = 11D7E2E01EC2F6B600121FCF;
			productRefGroup = 11D7E2EA1EC2F6B600121FCF /* Products */;
			projectDirPath = "";
			projectRoot = "";
			targets = (
				11D7E2E81EC2F6B600121FCF /* GutenbergSem */,
				113804281EC3152E00FAFFBC /* GutenbergSemTests */,
				113804361EC315BD00FAFFBC /* GutenbergSemUITests */,
			);
		};
/* End PBXProject section */

/* Begin PBXResourcesBuildPhase section */
		113804271EC3152E00FAFFBC /* Resources */ = {
			isa = PBXResourcesBuildPhase;
			buildActionMask = 2147483647;
			files = (
			);
			runOnlyForDeploymentPostprocessing = 0;
		};
		113804351EC315BD00FAFFBC /* Resources */ = {
			isa = PBXResourcesBuildPhase;
			buildActionMask = 2147483647;
			files = (
			);
			runOnlyForDeploymentPostprocessing = 0;
		};
		11D7E2E71EC2F6B600121FCF /* Resources */ = {
			isa = PBXResourcesBuildPhase;
			buildActionMask = 2147483647;
			files = (
				11D7E2F71EC2F6B600121FCF /* LaunchScreen.storyboard in Resources */,
				11D7E2F41EC2F6B600121FCF /* Assets.xcassets in Resources */,
				11D7E2F21EC2F6B600121FCF /* Main.storyboard in Resources */,
			);
			runOnlyForDeploymentPostprocessing = 0;
		};
/* End PBXResourcesBuildPhase section */

/* Begin PBXShellScriptBuildPhase section */
		055A4A8D810C0F1BDD2AD614 /* [CP] Embed Pods Frameworks */ = {
			isa = PBXShellScriptBuildPhase;
			buildActionMask = 2147483647;
			files = (
			);
			inputPaths = (
			);
			name = "[CP] Embed Pods Frameworks";
			outputPaths = (
			);
			runOnlyForDeploymentPostprocessing = 0;
			shellPath = /bin/sh;
			shellScript = "\"${SRCROOT}/Pods/Target Support Files/Pods-GutenbergSem/Pods-GutenbergSem-frameworks.sh\"\n";
			showEnvVarsInLog = 0;
		};
		477BB71678FFB9526D876CA9 /* [CP] Copy Pods Resources */ = {
			isa = PBXShellScriptBuildPhase;
			buildActionMask = 2147483647;
			files = (
			);
			inputPaths = (
			);
			name = "[CP] Copy Pods Resources";
			outputPaths = (
			);
			runOnlyForDeploymentPostprocessing = 0;
			shellPath = /bin/sh;
			shellScript = "\"${SRCROOT}/Pods/Target Support Files/Pods-GutenbergSem/Pods-GutenbergSem-resources.sh\"\n";
			showEnvVarsInLog = 0;
		};
		C2EC5607876B2D9EF6293998 /* [CP] Check Pods Manifest.lock */ = {
			isa = PBXShellScriptBuildPhase;
			buildActionMask = 2147483647;
			files = (
			);
			inputPaths = (
			);
			name = "[CP] Check Pods Manifest.lock";
			outputPaths = (
			);
			runOnlyForDeploymentPostprocessing = 0;
			shellPath = /bin/sh;
			shellScript = "diff \"${PODS_PODFILE_DIR_PATH}/Podfile.lock\" \"${PODS_ROOT}/Manifest.lock\" > /dev/null\nif [ $? != 0 ] ; then\n    # print error to STDERR\n    echo \"error: The sandbox is not in sync with the Podfile.lock. Run 'pod install' or update your CocoaPods installation.\" >&2\n    exit 1\nfi\n";
			showEnvVarsInLog = 0;
		};
/* End PBXShellScriptBuildPhase section */

/* Begin PBXSourcesBuildPhase section */
		113804251EC3152E00FAFFBC /* Sources */ = {
			isa = PBXSourcesBuildPhase;
			buildActionMask = 2147483647;
			files = (
				1138042C1EC3152E00FAFFBC /* GutenbergSemTests.swift in Sources */,
			);
			runOnlyForDeploymentPostprocessing = 0;
		};
		113804331EC315BD00FAFFBC /* Sources */ = {
			isa = PBXSourcesBuildPhase;
			buildActionMask = 2147483647;
			files = (
				1138043A1EC315BD00FAFFBC /* GutenbergSemUITests.swift in Sources */,
			);
			runOnlyForDeploymentPostprocessing = 0;
		};
		11D7E2E51EC2F6B600121FCF /* Sources */ = {
			isa = PBXSourcesBuildPhase;
			buildActionMask = 2147483647;
			files = (
				11D7E2EF1EC2F6B600121FCF /* ViewController.swift in Sources */,
				11D7E2ED1EC2F6B600121FCF /* AppDelegate.swift in Sources */,
			);
			runOnlyForDeploymentPostprocessing = 0;
		};
/* End PBXSourcesBuildPhase section */

/* Begin PBXTargetDependency section */
		1138042F1EC3152E00FAFFBC /* PBXTargetDependency */ = {
			isa = PBXTargetDependency;
			target = 11D7E2E81EC2F6B600121FCF /* GutenbergSem */;
			targetProxy = 1138042E1EC3152E00FAFFBC /* PBXContainerItemProxy */;
		};
		1138043D1EC315BD00FAFFBC /* PBXTargetDependency */ = {
			isa = PBXTargetDependency;
			target = 11D7E2E81EC2F6B600121FCF /* GutenbergSem */;
			targetProxy = 1138043C1EC315BD00FAFFBC /* PBXContainerItemProxy */;
		};
/* End PBXTargetDependency section */

/* Begin PBXVariantGroup section */
		11D7E2F01EC2F6B600121FCF /* Main.storyboard */ = {
			isa = PBXVariantGroup;
			children = (
				11D7E2F11EC2F6B600121FCF /* Base */,
			);
			name = Main.storyboard;
			sourceTree = "<group>";
		};
		11D7E2F51EC2F6B600121FCF /* LaunchScreen.storyboard */ = {
			isa = PBXVariantGroup;
			children = (
				11D7E2F61EC2F6B600121FCF /* Base */,
			);
			name = LaunchScreen.storyboard;
			sourceTree = "<group>";
		};
/* End PBXVariantGroup section */

/* Begin XCBuildConfiguration section */
		113804311EC3152E00FAFFBC /* Debug */ = {
			isa = XCBuildConfiguration;
			buildSettings = {
				BUNDLE_LOADER = "$(TEST_HOST)";
				INFOPLIST_FILE = GutenbergSemTests/Info.plist;
				LD_RUNPATH_SEARCH_PATHS = "$(inherited) @executable_path/Frameworks @loader_path/Frameworks";
				PRODUCT_BUNDLE_IDENTIFIER = databasserne.GutenbergSemTests;
				PRODUCT_NAME = "$(TARGET_NAME)";
				SWIFT_VERSION = 3.0;
				TEST_HOST = "$(BUILT_PRODUCTS_DIR)/GutenbergSem.app/GutenbergSem";
			};
			name = Debug;
		};
		113804321EC3152E00FAFFBC /* Release */ = {
			isa = XCBuildConfiguration;
			buildSettings = {
				BUNDLE_LOADER = "$(TEST_HOST)";
				INFOPLIST_FILE = GutenbergSemTests/Info.plist;
				LD_RUNPATH_SEARCH_PATHS = "$(inherited) @executable_path/Frameworks @loader_path/Frameworks";
				PRODUCT_BUNDLE_IDENTIFIER = databasserne.GutenbergSemTests;
				PRODUCT_NAME = "$(TARGET_NAME)";
				SWIFT_VERSION = 3.0;
				TEST_HOST = "$(BUILT_PRODUCTS_DIR)/GutenbergSem.app/GutenbergSem";
			};
			name = Release;
		};
		1138043F1EC315BD00FAFFBC /* Debug */ = {
			isa = XCBuildConfiguration;
			buildSettings = {
				INFOPLIST_FILE = GutenbergSemUITests/Info.plist;
				LD_RUNPATH_SEARCH_PATHS = "$(inherited) @executable_path/Frameworks @loader_path/Frameworks";
				PRODUCT_BUNDLE_IDENTIFIER = databasserne.GutenbergSemUITests;
				PRODUCT_NAME = "$(TARGET_NAME)";
				SWIFT_VERSION = 3.0;
				TEST_TARGET_NAME = GutenbergSem;
			};
			name = Debug;
		};
		113804401EC315BD00FAFFBC /* Release */ = {
			isa = XCBuildConfiguration;
			buildSettings = {
				INFOPLIST_FILE = GutenbergSemUITests/Info.plist;
				LD_RUNPATH_SEARCH_PATHS = "$(inherited) @executable_path/Frameworks @loader_path/Frameworks";
				PRODUCT_BUNDLE_IDENTIFIER = databasserne.GutenbergSemUITests;
				PRODUCT_NAME = "$(TARGET_NAME)";
				SWIFT_VERSION = 3.0;
				TEST_TARGET_NAME = GutenbergSem;
			};
			name = Release;
		};
		11D7E2F91EC2F6B600121FCF /* Debug */ = {
			isa = XCBuildConfiguration;
			buildSettings = {
				ALWAYS_SEARCH_USER_PATHS = NO;
				CLANG_ANALYZER_NONNULL = YES;
				CLANG_ANALYZER_NUMBER_OBJECT_CONVERSION = YES_AGGRESSIVE;
				CLANG_CXX_LANGUAGE_STANDARD = "gnu++0x";
				CLANG_CXX_LIBRARY = "libc++";
				CLANG_ENABLE_MODULES = YES;
				CLANG_ENABLE_OBJC_ARC = YES;
				CLANG_WARN_BOOL_CONVERSION = YES;
				CLANG_WARN_CONSTANT_CONVERSION = YES;
				CLANG_WARN_DIRECT_OBJC_ISA_USAGE = YES_ERROR;
				CLANG_WARN_DOCUMENTATION_COMMENTS = YES;
				CLANG_WARN_EMPTY_BODY = YES;
				CLANG_WARN_ENUM_CONVERSION = YES;
				CLANG_WARN_INFINITE_RECURSION = YES;
				CLANG_WARN_INT_CONVERSION = YES;
				CLANG_WARN_OBJC_ROOT_CLASS = YES_ERROR;
				CLANG_WARN_SUSPICIOUS_MOVE = YES;
				CLANG_WARN_UNREACHABLE_CODE = YES;
				CLANG_WARN__DUPLICATE_METHOD_MATCH = YES;
				"CODE_SIGN_IDENTITY[sdk=iphoneos*]" = "iPhone Developer";
				COPY_PHASE_STRIP = NO;
				DEBUG_INFORMATION_FORMAT = dwarf;
				ENABLE_STRICT_OBJC_MSGSEND = YES;
				ENABLE_TESTABILITY = YES;
				GCC_C_LANGUAGE_STANDARD = gnu99;
				GCC_DYNAMIC_NO_PIC = NO;
				GCC_NO_COMMON_BLOCKS = YES;
				GCC_OPTIMIZATION_LEVEL = 0;
				GCC_PREPROCESSOR_DEFINITIONS = (
					"DEBUG=1",
					"$(inherited)",
				);
				GCC_WARN_64_TO_32_BIT_CONVERSION = YES;
				GCC_WARN_ABOUT_RETURN_TYPE = YES_ERROR;
				GCC_WARN_UNDECLARED_SELECTOR = YES;
				GCC_WARN_UNINITIALIZED_AUTOS = YES_AGGRESSIVE;
				GCC_WARN_UNUSED_FUNCTION = YES;
				GCC_WARN_UNUSED_VARIABLE = YES;
				IPHONEOS_DEPLOYMENT_TARGET = 10.3;
				MTL_ENABLE_DEBUG_INFO = YES;
				ONLY_ACTIVE_ARCH = YES;
				SDKROOT = iphoneos;
				SWIFT_ACTIVE_COMPILATION_CONDITIONS = DEBUG;
				SWIFT_OPTIMIZATION_LEVEL = "-Onone";
			};
			name = Debug;
		};
		11D7E2FA1EC2F6B600121FCF /* Release */ = {
			isa = XCBuildConfiguration;
			buildSettings = {
				ALWAYS_SEARCH_USER_PATHS = NO;
				CLANG_ANALYZER_NONNULL = YES;
				CLANG_ANALYZER_NUMBER_OBJECT_CONVERSION = YES_AGGRESSIVE;
				CLANG_CXX_LANGUAGE_STANDARD = "gnu++0x";
				CLANG_CXX_LIBRARY = "libc++";
				CLANG_ENABLE_MODULES = YES;
				CLANG_ENABLE_OBJC_ARC = YES;
				CLANG_WARN_BOOL_CONVERSION = YES;
				CLANG_WARN_CONSTANT_CONVERSION = YES;
				CLANG_WARN_DIRECT_OBJC_ISA_USAGE = YES_ERROR;
				CLANG_WARN_DOCUMENTATION_COMMENTS = YES;
				CLANG_WARN_EMPTY_BODY = YES;
				CLANG_WARN_ENUM_CONVERSION = YES;
				CLANG_WARN_INFINITE_RECURSION = YES;
				CLANG_WARN_INT_CONVERSION = YES;
				CLANG_WARN_OBJC_ROOT_CLASS = YES_ERROR;
				CLANG_WARN_SUSPICIOUS_MOVE = YES;
				CLANG_WARN_UNREACHABLE_CODE = YES;
				CLANG_WARN__DUPLICATE_METHOD_MATCH = YES;
				"CODE_SIGN_IDENTITY[sdk=iphoneos*]" = "iPhone Developer";
				COPY_PHASE_STRIP = NO;
				DEBUG_INFORMATION_FORMAT = "dwarf-with-dsym";
				ENABLE_NS_ASSERTIONS = NO;
				ENABLE_STRICT_OBJC_MSGSEND = YES;
				GCC_C_LANGUAGE_STANDARD = gnu99;
				GCC_NO_COMMON_BLOCKS = YES;
				GCC_WARN_64_TO_32_BIT_CONVERSION = YES;
				GCC_WARN_ABOUT_RETURN_TYPE = YES_ERROR;
				GCC_WARN_UNDECLARED_SELECTOR = YES;
				GCC_WARN_UNINITIALIZED_AUTOS = YES_AGGRESSIVE;
				GCC_WARN_UNUSED_FUNCTION = YES;
				GCC_WARN_UNUSED_VARIABLE = YES;
				IPHONEOS_DEPLOYMENT_TARGET = 10.3;
				MTL_ENABLE_DEBUG_INFO = NO;
				SDKROOT = iphoneos;
				SWIFT_OPTIMIZATION_LEVEL = "-Owholemodule";
				VALIDATE_PRODUCT = YES;
			};
			name = Release;
		};
		11D7E2FC1EC2F6B600121FCF /* Debug */ = {
			isa = XCBuildConfiguration;
			baseConfigurationReference = 7ECE10C8C1122F21F587668B /* Pods-GutenbergSem.debug.xcconfig */;
			buildSettings = {
				ASSETCATALOG_COMPILER_APPICON_NAME = AppIcon;
				DEVELOPMENT_TEAM = W38H733M9Q;
				INFOPLIST_FILE = GutenbergSem/Info.plist;
				IPHONEOS_DEPLOYMENT_TARGET = 10.0;
				LD_RUNPATH_SEARCH_PATHS = "$(inherited) @executable_path/Frameworks";
				PRODUCT_BUNDLE_IDENTIFIER = databasserne.GutenbergSem;
				PRODUCT_NAME = "$(TARGET_NAME)";
				SWIFT_VERSION = 3.0;
			};
			name = Debug;
		};
		11D7E2FD1EC2F6B600121FCF /* Release */ = {
			isa = XCBuildConfiguration;
			baseConfigurationReference = D1812046C064BCC91A2BF75D /* Pods-GutenbergSem.release.xcconfig */;
			buildSettings = {
				ASSETCATALOG_COMPILER_APPICON_NAME = AppIcon;
				DEVELOPMENT_TEAM = W38H733M9Q;
				INFOPLIST_FILE = GutenbergSem/Info.plist;
				IPHONEOS_DEPLOYMENT_TARGET = 10.0;
				LD_RUNPATH_SEARCH_PATHS = "$(inherited) @executable_path/Frameworks";
				PRODUCT_BUNDLE_IDENTIFIER = databasserne.GutenbergSem;
				PRODUCT_NAME = "$(TARGET_NAME)";
				SWIFT_VERSION = 3.0;
			};
			name = Release;
		};
/* End XCBuildConfiguration section */

/* Begin XCConfigurationList section */
		113804301EC3152E00FAFFBC /* Build configuration list for PBXNativeTarget "GutenbergSemTests" */ = {
			isa = XCConfigurationList;
			buildConfigurations = (
				113804311EC3152E00FAFFBC /* Debug */,
				113804321EC3152E00FAFFBC /* Release */,
			);
			defaultConfigurationIsVisible = 0;
		};
		1138043E1EC315BD00FAFFBC /* Build configuration list for PBXNativeTarget "GutenbergSemUITests" */ = {
			isa = XCConfigurationList;
			buildConfigurations = (
				1138043F1EC315BD00FAFFBC /* Debug */,
				113804401EC315BD00FAFFBC /* Release */,
			);
			defaultConfigurationIsVisible = 0;
		};
		11D7E2E41EC2F6B600121FCF /* Build configuration list for PBXProject "GutenbergSem" */ = {
			isa = XCConfigurationList;
			buildConfigurations = (
				11D7E2F91EC2F6B600121FCF /* Debug */,
				11D7E2FA1EC2F6B600121FCF /* Release */,
			);
			defaultConfigurationIsVisible = 0;
			defaultConfigurationName = Release;
		};
		11D7E2FB1EC2F6B600121FCF /* Build configuration list for PBXNativeTarget "GutenbergSem" */ = {
			isa = XCConfigurationList;
			buildConfigurations = (
				11D7E2FC1EC2F6B600121FCF /* Debug */,
				11D7E2FD1EC2F6B600121FCF /* Release */,
			);
			defaultConfigurationIsVisible = 0;
			defaultConfigurationName = Release;
		};
/* End XCConfigurationList section */
	};
	rootObject = 11D7E2E11EC2F6B600121FCF /* Project object */;
}
